
Microsoft Visual Studio Solution File, Format Version 12.00
Project("{FAE04EC0-301F-11D3-BF4B-00C04F79EFBC}") = "Sodamachine2", "Sodamachine2.csproj", "{5FC127A8-E954-4826-995D-DC66167335CA}"
EndProject
Global
	GlobalSection(SolutionConfigurationPlatforms) = preSolution
		Debug|Any CPU = Debug|Any CPU
		Release|Any CPU = Release|Any CPU
	EndGlobalSection
	GlobalSection(ProjectConfigurationPlatforms) = postSolution
		{5FC127A8-E954-4826-995D-DC66167335CA}.Debug|Any CPU.ActiveCfg = Debug|Any CPU
		{5FC127A8-E954-4826-995D-DC66167335CA}.Debug|Any CPU.Build.0 = Debug|Any CPU
		{5FC127A8-E954-4826-995D-DC66167335CA}.Release|Any CPU.ActiveCfg = Release|Any CPU
		{5FC127A8-E954-4826-995D-DC66167335CA}.Release|Any CPU.Build.0 = Release|Any CPU
	EndGlobalSection
EndGlobal
